
Microsoft Visual Studio Solution File, Format Version 12.00
# Visual Studio Version 16
VisualStudioVersion = 16.0.30011.22
MinimumVisualStudioVersion = 10.0.40219.1
Project("{FAE04EC0-301F-11D3-BF4B-00C04F79EFBC}") = "OOP_lab_3_3_2", "OOP_lab_3_3_2\OOP_lab_3_3_2.csproj", "{F2AA217D-C03E-4A8A-9ACE-8BB5FF52C2EE}"
EndProject
Project("{2150E333-8FDC-42A3-9474-1A3956D46DE8}") = "Solution Items", "Solution Items", "{5E07972A-CA2A-4A2F-804E-59AB662AD16C}"
	ProjectSection(SolutionItems) = preProject
		.travis.yml = .travis.yml
	EndProjectSection
EndProject
Global
	GlobalSection(SolutionConfigurationPlatforms) = preSolution
		Debug|Any CPU = Debug|Any CPU
		Release|Any CPU = Release|Any CPU
	EndGlobalSection
	GlobalSection(ProjectConfigurationPlatforms) = postSolution
		{F2AA217D-C03E-4A8A-9ACE-8BB5FF52C2EE}.Debug|Any CPU.ActiveCfg = Debug|Any CPU
		{F2AA217D-C03E-4A8A-9ACE-8BB5FF52C2EE}.Debug|Any CPU.Build.0 = Debug|Any CPU
		{F2AA217D-C03E-4A8A-9ACE-8BB5FF52C2EE}.Release|Any CPU.ActiveCfg = Release|Any CPU
		{F2AA217D-C03E-4A8A-9ACE-8BB5FF52C2EE}.Release|Any CPU.Build.0 = Release|Any CPU
	EndGlobalSection
	GlobalSection(SolutionProperties) = preSolution
		HideSolutionNode = FALSE
	EndGlobalSection
	GlobalSection(ExtensibilityGlobals) = postSolution
		SolutionGuid = {DB805A88-08E2-479F-B855-9556FCCEAF52}
	EndGlobalSection
EndGlobal
